// !$*UTF8*$!
{
	archiveVersion = 1;
	classes = {
	};
	objectVersion = 46;
	objects = {

/* Begin PBXBuildFile section */
		2F6697FE17EEF1710086A3B6 /* Foundation.framework in Frameworks */ = {isa = PBXBuildFile; fileRef = 2F6697FD17EEF1710086A3B6 /* Foundation.framework */; };
		2F66980017EEF1710086A3B6 /* CoreGraphics.framework in Frameworks */ = {isa = PBXBuildFile; fileRef = 2F6697FF17EEF1710086A3B6 /* CoreGraphics.framework */; };
		2F66980217EEF1710086A3B6 /* UIKit.framework in Frameworks */ = {isa = PBXBuildFile; fileRef = 2F66980117EEF1710086A3B6 /* UIKit.framework */; };
		2F66980817EEF1710086A3B6 /* InfoPlist.strings in Resources */ = {isa = PBXBuildFile; fileRef = 2F66980617EEF1710086A3B6 /* InfoPlist.strings */; };
		2F66980A17EEF1710086A3B6 /* main.m in Sources */ = {isa = PBXBuildFile; fileRef = 2F66980917EEF1710086A3B6 /* main.m */; };
		2F66980E17EEF1710086A3B6 /* AppDelegate.m in Sources */ = {isa = PBXBuildFile; fileRef = 2F66980D17EEF1710086A3B6 /* AppDelegate.m */; };
		2F66981117EEF1710086A3B6 /* Main.storyboard in Resources */ = {isa = PBXBuildFile; fileRef = 2F66980F17EEF1710086A3B6 /* Main.storyboard */; };
		2F66981417EEF1710086A3B6 /* ViewController.m in Sources */ = {isa = PBXBuildFile; fileRef = 2F66981317EEF1710086A3B6 /* ViewController.m */; };
		2F66981617EEF1710086A3B6 /* Images.xcassets in Resources */ = {isa = PBXBuildFile; fileRef = 2F66981517EEF1710086A3B6 /* Images.xcassets */; };
		2F66983517EEF3770086A3B6 /* UserModel.xcdatamodeld in Sources */ = {isa = PBXBuildFile; fileRef = 2F66983317EEF3770086A3B6 /* UserModel.xcdatamodeld */; };
		2F66983817EEF3D30086A3B6 /* User.m in Sources */ = {isa = PBXBuildFile; fileRef = 2F66983717EEF3D30086A3B6 /* User.m */; };
/* End PBXBuildFile section */

/* Begin PBXFileReference section */
		2F6697FA17EEF1710086A3B6 /* iCloudSample.app */ = {isa = PBXFileReference; explicitFileType = wrapper.application; includeInIndex = 0; path = iCloudSample.app; sourceTree = BUILT_PRODUCTS_DIR; };
		2F6697FD17EEF1710086A3B6 /* Foundation.framework */ = {isa = PBXFileReference; lastKnownFileType = wrapper.framework; name = Foundation.framework; path = System/Library/Frameworks/Foundation.framework; sourceTree = SDKROOT; };
		2F6697FF17EEF1710086A3B6 /* CoreGraphics.framework */ = {isa = PBXFileReference; lastKnownFileType = wrapper.framework; name = CoreGraphics.framework; path = System/Library/Frameworks/CoreGraphics.framework; sourceTree = SDKROOT; };
		2F66980117EEF1710086A3B6 /* UIKit.framework */ = {isa = PBXFileReference; lastKnownFileType = wrapper.framework; name = UIKit.framework; path = System/Library/Frameworks/UIKit.framework; sourceTree = SDKROOT; };
		2F66980517EEF1710086A3B6 /* iCloudSample-Info.plist */ = {isa = PBXFileReference; lastKnownFileType = text.plist.xml; path = "iCloudSample-Info.plist"; sourceTree = "<group>"; };
		2F66980717EEF1710086A3B6 /* en */ = {isa = PBXFileReference; lastKnownFileType = text.plist.strings; name = en; path = en.lproj/InfoPlist.strings; sourceTree = "<group>"; };
		2F66980917EEF1710086A3B6 /* main.m */ = {isa = PBXFileReference; lastKnownFileType = sourcecode.c.objc; path = main.m; sourceTree = "<group>"; };
		2F66980B17EEF1710086A3B6 /* iCloudSample-Prefix.pch */ = {isa = PBXFileReference; lastKnownFileType = sourcecode.c.h; path = "iCloudSample-Prefix.pch"; sourceTree = "<group>"; };
		2F66980C17EEF1710086A3B6 /* AppDelegate.h */ = {isa = PBXFileReference; lastKnownFileType = sourcecode.c.h; path = AppDelegate.h; sourceTree = "<group>"; };
		2F66980D17EEF1710086A3B6 /* AppDelegate.m */ = {isa = PBXFileReference; lastKnownFileType = sourcecode.c.objc; path = AppDelegate.m; sourceTree = "<group>"; };
		2F66981017EEF1710086A3B6 /* Base */ = {isa = PBXFileReference; lastKnownFileType = file.storyboard; name = Base; path = Base.lproj/Main.storyboard; sourceTree = "<group>"; };
		2F66981217EEF1710086A3B6 /* ViewController.h */ = {isa = PBXFileReference; lastKnownFileType = sourcecode.c.h; path = ViewController.h; sourceTree = "<group>"; };
		2F66981317EEF1710086A3B6 /* ViewController.m */ = {isa = PBXFileReference; lastKnownFileType = sourcecode.c.objc; path = ViewController.m; sourceTree = "<group>"; };
		2F66981517EEF1710086A3B6 /* Images.xcassets */ = {isa = PBXFileReference; lastKnownFileType = folder.assetcatalog; path = Images.xcassets; sourceTree = "<group>"; };
		2F66981C17EEF1710086A3B6 /* XCTest.framework */ = {isa = PBXFileReference; lastKnownFileType = wrapper.framework; name = XCTest.framework; path = Library/Frameworks/XCTest.framework; sourceTree = DEVELOPER_DIR; };
		2F66983217EEF1AA0086A3B6 /* iCloudSample.entitlements */ = {isa = PBXFileReference; lastKnownFileType = text.xml; path = iCloudSample.entitlements; sourceTree = "<group>"; };
		2F66983417EEF3770086A3B6 /* UserModel.xcdatamodel */ = {isa = PBXFileReference; lastKnownFileType = wrapper.xcdatamodel; path = UserModel.xcdatamodel; sourceTree = "<group>"; };
		2F66983617EEF3D30086A3B6 /* User.h */ = {isa = PBXFileReference; fileEncoding = 4; lastKnownFileType = sourcecode.c.h; path = User.h; sourceTree = "<group>"; };
		2F66983717EEF3D30086A3B6 /* User.m */ = {isa = PBXFileReference; fileEncoding = 4; lastKnownFileType = sourcecode.c.objc; path = User.m; sourceTree = "<group>"; };
		2FBC28ED185DCFCE00BBEE5F /* README.txt */ = {isa = PBXFileReference; lastKnownFileType = text; path = README.txt; sourceTree = "<group>"; };
/* End PBXFileReference section */

/* Begin PBXFrameworksBuildPhase section */
		2F6697F717EEF1710086A3B6 /* Frameworks */ = {
			isa = PBXFrameworksBuildPhase;
			buildActionMask = 2147483647;
			files = (
				2F66980017EEF1710086A3B6 /* CoreGraphics.framework in Frameworks */,
				2F66980217EEF1710086A3B6 /* UIKit.framework in Frameworks */,
				2F6697FE17EEF1710086A3B6 /* Foundation.framework in Frameworks */,
			);
			runOnlyForDeploymentPostprocessing = 0;
		};
/* End PBXFrameworksBuildPhase section */

/* Begin PBXGroup section */
		2F6697F117EEF1710086A3B6 = {
			isa = PBXGroup;
			children = (
				2FBC28ED185DCFCE00BBEE5F /* README.txt */,
				2F66980317EEF1710086A3B6 /* iCloudSample */,
				2F6697FC17EEF1710086A3B6 /* Frameworks */,
				2F6697FB17EEF1710086A3B6 /* Products */,
			);
			sourceTree = "<group>";
		};
		2F6697FB17EEF1710086A3B6 /* Products */ = {
			isa = PBXGroup;
			children = (
				2F6697FA17EEF1710086A3B6 /* iCloudSample.app */,
			);
			name = Products;
			sourceTree = "<group>";
		};
		2F6697FC17EEF1710086A3B6 /* Frameworks */ = {
			isa = PBXGroup;
			children = (
				2F6697FD17EEF1710086A3B6 /* Foundation.framework */,
				2F6697FF17EEF1710086A3B6 /* CoreGraphics.framework */,
				2F66980117EEF1710086A3B6 /* UIKit.framework */,
				2F66981C17EEF1710086A3B6 /* XCTest.framework */,
			);
			name = Frameworks;
			sourceTree = "<group>";
		};
		2F66980317EEF1710086A3B6 /* iCloudSample */ = {
			isa = PBXGroup;
			children = (
				2F66983217EEF1AA0086A3B6 /* iCloudSample.entitlements */,
				2F66983317EEF3770086A3B6 /* UserModel.xcdatamodeld */,
				2F66983617EEF3D30086A3B6 /* User.h */,
				2F66983717EEF3D30086A3B6 /* User.m */,
				2F66980C17EEF1710086A3B6 /* AppDelegate.h */,
				2F66980D17EEF1710086A3B6 /* AppDelegate.m */,
				2F66980F17EEF1710086A3B6 /* Main.storyboard */,
				2F66981217EEF1710086A3B6 /* ViewController.h */,
				2F66981317EEF1710086A3B6 /* ViewController.m */,
				2F66981517EEF1710086A3B6 /* Images.xcassets */,
				2F66980417EEF1710086A3B6 /* Supporting Files */,
			);
			path = iCloudSample;
			sourceTree = "<group>";
		};
		2F66980417EEF1710086A3B6 /* Supporting Files */ = {
			isa = PBXGroup;
			children = (
				2F66980517EEF1710086A3B6 /* iCloudSample-Info.plist */,
				2F66980617EEF1710086A3B6 /* InfoPlist.strings */,
				2F66980917EEF1710086A3B6 /* main.m */,
				2F66980B17EEF1710086A3B6 /* iCloudSample-Prefix.pch */,
			);
			name = "Supporting Files";
			sourceTree = "<group>";
		};
/* End PBXGroup section */

/* Begin PBXNativeTarget section */
		2F6697F917EEF1710086A3B6 /* iCloudSample */ = {
			isa = PBXNativeTarget;
			buildConfigurationList = 2F66982C17EEF1710086A3B6 /* Build configuration list for PBXNativeTarget "iCloudSample" */;
			buildPhases = (
				2F6697F617EEF1710086A3B6 /* Sources */,
				2F6697F717EEF1710086A3B6 /* Frameworks */,
				2F6697F817EEF1710086A3B6 /* Resources */,
			);
			buildRules = (
			);
			dependencies = (
			);
			name = iCloudSample;
			productName = iCloudSample;
			productReference = 2F6697FA17EEF1710086A3B6 /* iCloudSample.app */;
			productType = "com.apple.product-type.application";
		};
/* End PBXNativeTarget section */

/* Begin PBXProject section */
		2F6697F217EEF1710086A3B6 /* Project object */ = {
			isa = PBXProject;
			attributes = {
				LastUpgradeCheck = 0500;
				ORGANIZATIONNAME = sakira;
				TargetAttributes = {
					2F6697F917EEF1710086A3B6 = {
						SystemCapabilities = {
							com.apple.iCloud = {
								enabled = 1;
							};
						};
					};
				};
			};
			buildConfigurationList = 2F6697F517EEF1710086A3B6 /* Build configuration list for PBXProject "iCloudSample" */;
			compatibilityVersion = "Xcode 3.2";
			developmentRegion = English;
			hasScannedForEncodings = 0;
			knownRegions = (
				en,
				Base,
			);
			mainGroup = 2F6697F117EEF1710086A3B6;
			productRefGroup = 2F6697FB17EEF1710086A3B6 /* Products */;
			projectDirPath = "";
			projectRoot = "";
			targets = (
				2F6697F917EEF1710086A3B6 /* iCloudSample */,
			);
		};
/* End PBXProject section */

/* Begin PBXResourcesBuildPhase section */
		2F6697F817EEF1710086A3B6 /* Resources */ = {
			isa = PBXResourcesBuildPhase;
			buildActionMask = 2147483647;
			files = (
				2F66981617EEF1710086A3B6 /* Images.xcassets in Resources */,
				2F66980817EEF1710086A3B6 /* InfoPlist.strings in Resources */,
				2F66981117EEF1710086A3B6 /* Main.storyboard in Resources */,
			);
			runOnlyForDeploymentPostprocessing = 0;
		};
/* End PBXResourcesBuildPhase section */

/* Begin PBXSourcesBuildPhase section */
		2F6697F617EEF1710086A3B6 /* Sources */ = {
			isa = PBXSourcesBuildPhase;
			buildActionMask = 2147483647;
			files = (
				2F66983817EEF3D30086A3B6 /* User.m in Sources */,
				2F66981417EEF1710086A3B6 /* ViewController.m in Sources */,
				2F66980E17EEF1710086A3B6 /* AppDelegate.m in Sources */,
				2F66983517EEF3770086A3B6 /* UserModel.xcdatamodeld in Sources */,
				2F66980A17EEF1710086A3B6 /* main.m in Sources */,
			);
			runOnlyForDeploymentPostprocessing = 0;
		};
/* End PBXSourcesBuildPhase section */

/* Begin PBXVariantGroup section */
		2F66980617EEF1710086A3B6 /* InfoPlist.strings */ = {
			isa = PBXVariantGroup;
			children = (
				2F66980717EEF1710086A3B6 /* en */,
			);
			name = InfoPlist.strings;
			sourceTree = "<group>";
		};
		2F66980F17EEF1710086A3B6 /* Main.storyboard */ = {
			isa = PBXVariantGroup;
			children = (
				2F66981017EEF1710086A3B6 /* Base */,
			);
			name = Main.storyboard;
			sourceTree = "<group>";
		};
/* End PBXVariantGroup section */

/* Begin XCBuildConfiguration section */
		2F66982A17EEF1710086A3B6 /* Debug */ = {
			isa = XCBuildConfiguration;
			buildSettings = {
				ALWAYS_SEARCH_USER_PATHS = NO;
				ARCHS = "$(ARCHS_STANDARD_INCLUDING_64_BIT)";
				CLANG_CXX_LANGUAGE_STANDARD = "gnu++0x";
				CLANG_CXX_LIBRARY = "libc++";
				CLANG_ENABLE_MODULES = YES;
				CLANG_ENABLE_OBJC_ARC = YES;
				CLANG_WARN_BOOL_CONVERSION = YES;
				CLANG_WARN_CONSTANT_CONVERSION = YES;
				CLANG_WARN_DIRECT_OBJC_ISA_USAGE = YES_ERROR;
				CLANG_WARN_EMPTY_BODY = YES;
				CLANG_WARN_ENUM_CONVERSION = YES;
				CLANG_WARN_INT_CONVERSION = YES;
				CLANG_WARN_OBJC_ROOT_CLASS = YES_ERROR;
				CLANG_WARN__DUPLICATE_METHOD_MATCH = YES;
				"CODE_SIGN_IDENTITY[sdk=iphoneos*]" = "iPhone Developer";
				COPY_PHASE_STRIP = NO;
				GCC_C_LANGUAGE_STANDARD = gnu99;
				GCC_DYNAMIC_NO_PIC = NO;
				GCC_OPTIMIZATION_LEVEL = 0;
				GCC_PREPROCESSOR_DEFINITIONS = (
					"DEBUG=1",
					"$(inherited)",
				);
				GCC_SYMBOLS_PRIVATE_EXTERN = NO;
				GCC_WARN_64_TO_32_BIT_CONVERSION = YES;
				GCC_WARN_ABOUT_RETURN_TYPE = YES_ERROR;
				GCC_WARN_UNDECLARED_SELECTOR = YES;
				GCC_WARN_UNINITIALIZED_AUTOS = YES;
				GCC_WARN_UNUSED_FUNCTION = YES;
				GCC_WARN_UNUSED_VARIABLE = YES;
				IPHONEOS_DEPLOYMENT_TARGET = 7.0;
				ONLY_ACTIVE_ARCH = YES;
				SDKROOT = iphoneos;
			};
			name = Debug;
		};
		2F66982B17EEF1710086A3B6 /* Release */ = {
			isa = XCBuildConfiguration;
			buildSettings = {
				ALWAYS_SEARCH_USER_PATHS = NO;
				ARCHS = "$(ARCHS_STANDARD_INCLUDING_64_BIT)";
				CLANG_CXX_LANGUAGE_STANDARD = "gnu++0x";
				CLANG_CXX_LIBRARY = "libc++";
				CLANG_ENABLE_MODULES = YES;
				CLANG_ENABLE_OBJC_ARC = YES;
				CLANG_WARN_BOOL_CONVERSION = YES;
				CLANG_WARN_CONSTANT_CONVERSION = YES;
				CLANG_WARN_DIRECT_OBJC_ISA_USAGE = YES_ERROR;
				CLANG_WARN_EMPTY_BODY = YES;
				CLANG_WARN_ENUM_CONVERSION = YES;
				CLANG_WARN_INT_CONVERSION = YES;
				CLANG_WARN_OBJC_ROOT_CLASS = YES_ERROR;
				CLANG_WARN__DUPLICATE_METHOD_MATCH = YES;
				"CODE_SIGN_IDENTITY[sdk=iphoneos*]" = "iPhone Developer";
				COPY_PHASE_STRIP = YES;
				ENABLE_NS_ASSERTIONS = NO;
				GCC_C_LANGUAGE_STANDARD = gnu99;
				GCC_WARN_64_TO_32_BIT_CONVERSION = YES;
				GCC_WARN_ABOUT_RETURN_TYPE = YES_ERROR;
				GCC_WARN_UNDECLARED_SELECTOR = YES;
				GCC_WARN_UNINITIALIZED_AUTOS = YES;
				GCC_WARN_UNUSED_FUNCTION = YES;
				GCC_WARN_UNUSED_VARIABLE = YES;
				IPHONEOS_DEPLOYMENT_TARGET = 7.0;
				SDKROOT = iphoneos;
				VALIDATE_PRODUCT = YES;
			};
			name = Release;
		};
		2F66982D17EEF1710086A3B6 /* Debug */ = {
			isa = XCBuildConfiguration;
			buildSettings = {
				ASSETCATALOG_COMPILER_APPICON_NAME = AppIcon;
				ASSETCATALOG_COMPILER_LAUNCHIMAGE_NAME = LaunchImage;
				CODE_SIGN_ENTITLEMENTS = iCloudSample/iCloudSample.entitlements;
				CODE_SIGN_IDENTITY = "iPhone Developer";
				"CODE_SIGN_IDENTITY[sdk=iphoneos*]" = "iPhone Developer";
				GCC_PRECOMPILE_PREFIX_HEADER = YES;
				GCC_PREFIX_HEADER = "iCloudSample/iCloudSample-Prefix.pch";
				INFOPLIST_FILE = "iCloudSample/iCloudSample-Info.plist";
				PRODUCT_NAME = "$(TARGET_NAME)";
				PROVISIONING_PROFILE = "";
				WRAPPER_EXTENSION = app;
			};
			name = Debug;
		};
		2F66982E17EEF1710086A3B6 /* Release */ = {
			isa = XCBuildConfiguration;
			buildSettings = {
				ASSETCATALOG_COMPILER_APPICON_NAME = AppIcon;
				ASSETCATALOG_COMPILER_LAUNCHIMAGE_NAME = LaunchImage;
				CODE_SIGN_ENTITLEMENTS = iCloudSample/iCloudSample.entitlements;
				CODE_SIGN_IDENTITY = "iPhone Developer";
				"CODE_SIGN_IDENTITY[sdk=iphoneos*]" = "iPhone Developer";
				GCC_PRECOMPILE_PREFIX_HEADER = YES;
				GCC_PREFIX_HEADER = "iCloudSample/iCloudSample-Prefix.pch";
				INFOPLIST_FILE = "iCloudSample/iCloudSample-Info.plist";
				PRODUCT_NAME = "$(TARGET_NAME)";
				PROVISIONING_PROFILE = "";
				WRAPPER_EXTENSION = app;
			};
			name = Release;
		};
/* End XCBuildConfiguration section */

/* Begin XCConfigurationList section */
		2F6697F517EEF1710086A3B6 /* Build configuration list for PBXProject "iCloudSample" */ = {
			isa = XCConfigurationList;
			buildConfigurations = (
				2F66982A17EEF1710086A3B6 /* Debug */,
				2F66982B17EEF1710086A3B6 /* Release */,
			);
			defaultConfigurationIsVisible = 0;
			defaultConfigurationName = Release;
		};
		2F66982C17EEF1710086A3B6 /* Build configuration list for PBXNativeTarget "iCloudSample" */ = {
			isa = XCConfigurationList;
			buildConfigurations = (
				2F66982D17EEF1710086A3B6 /* Debug */,
				2F66982E17EEF1710086A3B6 /* Release */,
			);
			defaultConfigurationIsVisible = 0;
			defaultConfigurationName = Release;
		};
/* End XCConfigurationList section */

/* Begin XCVersionGroup section */
		2F66983317EEF3770086A3B6 /* UserModel.xcdatamodeld */ = {
			isa = XCVersionGroup;
			children = (
				2F66983417EEF3770086A3B6 /* UserModel.xcdatamodel */,
			);
			currentVersion = 2F66983417EEF3770086A3B6 /* UserModel.xcdatamodel */;
			path = UserModel.xcdatamodeld;
			sourceTree = "<group>";
			versionGroupType = wrapper.xcdatamodel;
		};
/* End XCVersionGroup section */
	};
	rootObject = 2F6697F217EEF1710086A3B6 /* Project object */;
}
