// !$*UTF8*$!
{
	archiveVersion = 1;
	classes = {
	};
	objectVersion = 46;
	objects = {

/* Begin PBXBuildFile section */
		8288D102185D7C0200EDD6B8 /* Foundation.framework in Frameworks */ = {isa = PBXBuildFile; fileRef = 8288D101185D7C0200EDD6B8 /* Foundation.framework */; };
		8288D104185D7C0200EDD6B8 /* CoreGraphics.framework in Frameworks */ = {isa = PBXBuildFile; fileRef = 8288D103185D7C0200EDD6B8 /* CoreGraphics.framework */; };
		8288D106185D7C0200EDD6B8 /* UIKit.framework in Frameworks */ = {isa = PBXBuildFile; fileRef = 8288D105185D7C0200EDD6B8 /* UIKit.framework */; };
		8288D108185D7C0200EDD6B8 /* SpriteKit.framework in Frameworks */ = {isa = PBXBuildFile; fileRef = 8288D107185D7C0200EDD6B8 /* SpriteKit.framework */; };
		8288D10E185D7C0200EDD6B8 /* InfoPlist.strings in Resources */ = {isa = PBXBuildFile; fileRef = 8288D10C185D7C0200EDD6B8 /* InfoPlist.strings */; };
		8288D110185D7C0200EDD6B8 /* main.m in Sources */ = {isa = PBXBuildFile; fileRef = 8288D10F185D7C0200EDD6B8 /* main.m */; };
		8288D114185D7C0200EDD6B8 /* AppDelegate.m in Sources */ = {isa = PBXBuildFile; fileRef = 8288D113185D7C0200EDD6B8 /* AppDelegate.m */; };
		8288D117185D7C0200EDD6B8 /* Main.storyboard in Resources */ = {isa = PBXBuildFile; fileRef = 8288D115185D7C0200EDD6B8 /* Main.storyboard */; };
		8288D11A185D7C0200EDD6B8 /* ViewController.m in Sources */ = {isa = PBXBuildFile; fileRef = 8288D119185D7C0200EDD6B8 /* ViewController.m */; };
		8288D11D185D7C0200EDD6B8 /* MyScene.m in Sources */ = {isa = PBXBuildFile; fileRef = 8288D11C185D7C0200EDD6B8 /* MyScene.m */; };
		8288D121185D7C0200EDD6B8 /* Images.xcassets in Resources */ = {isa = PBXBuildFile; fileRef = 8288D120185D7C0200EDD6B8 /* Images.xcassets */; };
		8288D128185D7C0200EDD6B8 /* XCTest.framework in Frameworks */ = {isa = PBXBuildFile; fileRef = 8288D127185D7C0200EDD6B8 /* XCTest.framework */; };
		8288D129185D7C0200EDD6B8 /* Foundation.framework in Frameworks */ = {isa = PBXBuildFile; fileRef = 8288D101185D7C0200EDD6B8 /* Foundation.framework */; };
		8288D12A185D7C0200EDD6B8 /* UIKit.framework in Frameworks */ = {isa = PBXBuildFile; fileRef = 8288D105185D7C0200EDD6B8 /* UIKit.framework */; };
		8288D132185D7C0200EDD6B8 /* InfoPlist.strings in Resources */ = {isa = PBXBuildFile; fileRef = 8288D130185D7C0200EDD6B8 /* InfoPlist.strings */; };
		8288D134185D7C0200EDD6B8 /* MCStepper2Tests.m in Sources */ = {isa = PBXBuildFile; fileRef = 8288D133185D7C0200EDD6B8 /* MCStepper2Tests.m */; };
/* End PBXBuildFile section */

/* Begin PBXContainerItemProxy section */
		8288D12B185D7C0200EDD6B8 /* PBXContainerItemProxy */ = {
			isa = PBXContainerItemProxy;
			containerPortal = 8288D0F6185D7C0200EDD6B8 /* Project object */;
			proxyType = 1;
			remoteGlobalIDString = 8288D0FD185D7C0200EDD6B8;
			remoteInfo = MCStepper2;
		};
/* End PBXContainerItemProxy section */

/* Begin PBXFileReference section */
		8288D0FE185D7C0200EDD6B8 /* MCStepper2.app */ = {isa = PBXFileReference; explicitFileType = wrapper.application; includeInIndex = 0; path = MCStepper2.app; sourceTree = BUILT_PRODUCTS_DIR; };
		8288D101185D7C0200EDD6B8 /* Foundation.framework */ = {isa = PBXFileReference; lastKnownFileType = wrapper.framework; name = Foundation.framework; path = System/Library/Frameworks/Foundation.framework; sourceTree = SDKROOT; };
		8288D103185D7C0200EDD6B8 /* CoreGraphics.framework */ = {isa = PBXFileReference; lastKnownFileType = wrapper.framework; name = CoreGraphics.framework; path = System/Library/Frameworks/CoreGraphics.framework; sourceTree = SDKROOT; };
		8288D105185D7C0200EDD6B8 /* UIKit.framework */ = {isa = PBXFileReference; lastKnownFileType = wrapper.framework; name = UIKit.framework; path = System/Library/Frameworks/UIKit.framework; sourceTree = SDKROOT; };
		8288D107185D7C0200EDD6B8 /* SpriteKit.framework */ = {isa = PBXFileReference; lastKnownFileType = wrapper.framework; name = SpriteKit.framework; path = System/Library/Frameworks/SpriteKit.framework; sourceTree = SDKROOT; };
		8288D10B185D7C0200EDD6B8 /* MCStepper2-Info.plist */ = {isa = PBXFileReference; lastKnownFileType = text.plist.xml; path = "MCStepper2-Info.plist"; sourceTree = "<group>"; };
		8288D10D185D7C0200EDD6B8 /* en */ = {isa = PBXFileReference; lastKnownFileType = text.plist.strings; name = en; path = en.lproj/InfoPlist.strings; sourceTree = "<group>"; };
		8288D10F185D7C0200EDD6B8 /* main.m */ = {isa = PBXFileReference; lastKnownFileType = sourcecode.c.objc; path = main.m; sourceTree = "<group>"; };
		8288D111185D7C0200EDD6B8 /* MCStepper2-Prefix.pch */ = {isa = PBXFileReference; lastKnownFileType = sourcecode.c.h; path = "MCStepper2-Prefix.pch"; sourceTree = "<group>"; };
		8288D112185D7C0200EDD6B8 /* AppDelegate.h */ = {isa = PBXFileReference; lastKnownFileType = sourcecode.c.h; path = AppDelegate.h; sourceTree = "<group>"; };
		8288D113185D7C0200EDD6B8 /* AppDelegate.m */ = {isa = PBXFileReference; lastKnownFileType = sourcecode.c.objc; path = AppDelegate.m; sourceTree = "<group>"; };
		8288D116185D7C0200EDD6B8 /* Base */ = {isa = PBXFileReference; lastKnownFileType = file.storyboard; name = Base; path = Base.lproj/Main.storyboard; sourceTree = "<group>"; };
		8288D118185D7C0200EDD6B8 /* ViewController.h */ = {isa = PBXFileReference; lastKnownFileType = sourcecode.c.h; path = ViewController.h; sourceTree = "<group>"; };
		8288D119185D7C0200EDD6B8 /* ViewController.m */ = {isa = PBXFileReference; lastKnownFileType = sourcecode.c.objc; path = ViewController.m; sourceTree = "<group>"; };
		8288D11B185D7C0200EDD6B8 /* MyScene.h */ = {isa = PBXFileReference; lastKnownFileType = sourcecode.c.h; path = MyScene.h; sourceTree = "<group>"; };
		8288D11C185D7C0200EDD6B8 /* MyScene.m */ = {isa = PBXFileReference; lastKnownFileType = sourcecode.c.objc; path = MyScene.m; sourceTree = "<group>"; };
		8288D120185D7C0200EDD6B8 /* Images.xcassets */ = {isa = PBXFileReference; lastKnownFileType = folder.assetcatalog; path = Images.xcassets; sourceTree = "<group>"; };
		8288D126185D7C0200EDD6B8 /* MCStepper2Tests.xctest */ = {isa = PBXFileReference; explicitFileType = wrapper.cfbundle; includeInIndex = 0; path = MCStepper2Tests.xctest; sourceTree = BUILT_PRODUCTS_DIR; };
		8288D127185D7C0200EDD6B8 /* XCTest.framework */ = {isa = PBXFileReference; lastKnownFileType = wrapper.framework; name = XCTest.framework; path = Library/Frameworks/XCTest.framework; sourceTree = DEVELOPER_DIR; };
		8288D12F185D7C0200EDD6B8 /* MCStepper2Tests-Info.plist */ = {isa = PBXFileReference; lastKnownFileType = text.plist.xml; path = "MCStepper2Tests-Info.plist"; sourceTree = "<group>"; };
		8288D131185D7C0200EDD6B8 /* en */ = {isa = PBXFileReference; lastKnownFileType = text.plist.strings; name = en; path = en.lproj/InfoPlist.strings; sourceTree = "<group>"; };
		8288D133185D7C0200EDD6B8 /* MCStepper2Tests.m */ = {isa = PBXFileReference; lastKnownFileType = sourcecode.c.objc; path = MCStepper2Tests.m; sourceTree = "<group>"; };
		8288D13D185D7C2700EDD6B8 /* README.txt */ = {isa = PBXFileReference; lastKnownFileType = text; path = README.txt; sourceTree = "<group>"; };
/* End PBXFileReference section */

/* Begin PBXFrameworksBuildPhase section */
		8288D0FB185D7C0200EDD6B8 /* Frameworks */ = {
			isa = PBXFrameworksBuildPhase;
			buildActionMask = 2147483647;
			files = (
				8288D104185D7C0200EDD6B8 /* CoreGraphics.framework in Frameworks */,
				8288D106185D7C0200EDD6B8 /* UIKit.framework in Frameworks */,
				8288D108185D7C0200EDD6B8 /* SpriteKit.framework in Frameworks */,
				8288D102185D7C0200EDD6B8 /* Foundation.framework in Frameworks */,
			);
			runOnlyForDeploymentPostprocessing = 0;
		};
		8288D123185D7C0200EDD6B8 /* Frameworks */ = {
			isa = PBXFrameworksBuildPhase;
			buildActionMask = 2147483647;
			files = (
				8288D128185D7C0200EDD6B8 /* XCTest.framework in Frameworks */,
				8288D12A185D7C0200EDD6B8 /* UIKit.framework in Frameworks */,
				8288D129185D7C0200EDD6B8 /* Foundation.framework in Frameworks */,
			);
			runOnlyForDeploymentPostprocessing = 0;
		};
/* End PBXFrameworksBuildPhase section */

/* Begin PBXGroup section */
		8288D0F5185D7C0200EDD6B8 = {
			isa = PBXGroup;
			children = (
				8288D13D185D7C2700EDD6B8 /* README.txt */,
				8288D109185D7C0200EDD6B8 /* MCStepper2 */,
				8288D12D185D7C0200EDD6B8 /* MCStepper2Tests */,
				8288D100185D7C0200EDD6B8 /* Frameworks */,
				8288D0FF185D7C0200EDD6B8 /* Products */,
			);
			sourceTree = "<group>";
		};
		8288D0FF185D7C0200EDD6B8 /* Products */ = {
			isa = PBXGroup;
			children = (
				8288D0FE185D7C0200EDD6B8 /* MCStepper2.app */,
				8288D126185D7C0200EDD6B8 /* MCStepper2Tests.xctest */,
			);
			name = Products;
			sourceTree = "<group>";
		};
		8288D100185D7C0200EDD6B8 /* Frameworks */ = {
			isa = PBXGroup;
			children = (
				8288D101185D7C0200EDD6B8 /* Foundation.framework */,
				8288D103185D7C0200EDD6B8 /* CoreGraphics.framework */,
				8288D105185D7C0200EDD6B8 /* UIKit.framework */,
				8288D107185D7C0200EDD6B8 /* SpriteKit.framework */,
				8288D127185D7C0200EDD6B8 /* XCTest.framework */,
			);
			name = Frameworks;
			sourceTree = "<group>";
		};
		8288D109185D7C0200EDD6B8 /* MCStepper2 */ = {
			isa = PBXGroup;
			children = (
				8288D112185D7C0200EDD6B8 /* AppDelegate.h */,
				8288D113185D7C0200EDD6B8 /* AppDelegate.m */,
				8288D115185D7C0200EDD6B8 /* Main.storyboard */,
				8288D118185D7C0200EDD6B8 /* ViewController.h */,
				8288D119185D7C0200EDD6B8 /* ViewController.m */,
				8288D11B185D7C0200EDD6B8 /* MyScene.h */,
				8288D11C185D7C0200EDD6B8 /* MyScene.m */,
				8288D120185D7C0200EDD6B8 /* Images.xcassets */,
				8288D10A185D7C0200EDD6B8 /* Supporting Files */,
			);
			path = MCStepper2;
			sourceTree = "<group>";
		};
		8288D10A185D7C0200EDD6B8 /* Supporting Files */ = {
			isa = PBXGroup;
			children = (
				8288D10B185D7C0200EDD6B8 /* MCStepper2-Info.plist */,
				8288D10C185D7C0200EDD6B8 /* InfoPlist.strings */,
				8288D10F185D7C0200EDD6B8 /* main.m */,
				8288D111185D7C0200EDD6B8 /* MCStepper2-Prefix.pch */,
			);
			name = "Supporting Files";
			sourceTree = "<group>";
		};
		8288D12D185D7C0200EDD6B8 /* MCStepper2Tests */ = {
			isa = PBXGroup;
			children = (
				8288D133185D7C0200EDD6B8 /* MCStepper2Tests.m */,
				8288D12E185D7C0200EDD6B8 /* Supporting Files */,
			);
			path = MCStepper2Tests;
			sourceTree = "<group>";
		};
		8288D12E185D7C0200EDD6B8 /* Supporting Files */ = {
			isa = PBXGroup;
			children = (
				8288D12F185D7C0200EDD6B8 /* MCStepper2Tests-Info.plist */,
				8288D130185D7C0200EDD6B8 /* InfoPlist.strings */,
			);
			name = "Supporting Files";
			sourceTree = "<group>";
		};
/* End PBXGroup section */

/* Begin PBXNativeTarget section */
		8288D0FD185D7C0200EDD6B8 /* MCStepper2 */ = {
			isa = PBXNativeTarget;
			buildConfigurationList = 8288D137185D7C0200EDD6B8 /* Build configuration list for PBXNativeTarget "MCStepper2" */;
			buildPhases = (
				8288D0FA185D7C0200EDD6B8 /* Sources */,
				8288D0FB185D7C0200EDD6B8 /* Frameworks */,
				8288D0FC185D7C0200EDD6B8 /* Resources */,
			);
			buildRules = (
			);
			dependencies = (
			);
			name = MCStepper2;
			productName = MCStepper2;
			productReference = 8288D0FE185D7C0200EDD6B8 /* MCStepper2.app */;
			productType = "com.apple.product-type.application";
		};
		8288D125185D7C0200EDD6B8 /* MCStepper2Tests */ = {
			isa = PBXNativeTarget;
			buildConfigurationList = 8288D13A185D7C0200EDD6B8 /* Build configuration list for PBXNativeTarget "MCStepper2Tests" */;
			buildPhases = (
				8288D122185D7C0200EDD6B8 /* Sources */,
				8288D123185D7C0200EDD6B8 /* Frameworks */,
				8288D124185D7C0200EDD6B8 /* Resources */,
			);
			buildRules = (
			);
			dependencies = (
				8288D12C185D7C0200EDD6B8 /* PBXTargetDependency */,
			);
			name = MCStepper2Tests;
			productName = MCStepper2Tests;
			productReference = 8288D126185D7C0200EDD6B8 /* MCStepper2Tests.xctest */;
			productType = "com.apple.product-type.bundle.unit-test";
		};
/* End PBXNativeTarget section */

/* Begin PBXProject section */
		8288D0F6185D7C0200EDD6B8 /* Project object */ = {
			isa = PBXProject;
			attributes = {
				LastUpgradeCheck = 0500;
				ORGANIZATIONNAME = yourcompany;
				TargetAttributes = {
					8288D125185D7C0200EDD6B8 = {
						TestTargetID = 8288D0FD185D7C0200EDD6B8;
					};
				};
			};
			buildConfigurationList = 8288D0F9185D7C0200EDD6B8 /* Build configuration list for PBXProject "MCStepper2" */;
			compatibilityVersion = "Xcode 3.2";
			developmentRegion = English;
			hasScannedForEncodings = 0;
			knownRegions = (
				en,
				Base,
			);
			mainGroup = 8288D0F5185D7C0200EDD6B8;
			productRefGroup = 8288D0FF185D7C0200EDD6B8 /* Products */;
			projectDirPath = "";
			projectRoot = "";
			targets = (
				8288D0FD185D7C0200EDD6B8 /* MCStepper2 */,
				8288D125185D7C0200EDD6B8 /* MCStepper2Tests */,
			);
		};
/* End PBXProject section */

/* Begin PBXResourcesBuildPhase section */
		8288D0FC185D7C0200EDD6B8 /* Resources */ = {
			isa = PBXResourcesBuildPhase;
			buildActionMask = 2147483647;
			files = (
				8288D10E185D7C0200EDD6B8 /* InfoPlist.strings in Resources */,
				8288D121185D7C0200EDD6B8 /* Images.xcassets in Resources */,
				8288D117185D7C0200EDD6B8 /* Main.storyboard in Resources */,
			);
			runOnlyForDeploymentPostprocessing = 0;
		};
		8288D124185D7C0200EDD6B8 /* Resources */ = {
			isa = PBXResourcesBuildPhase;
			buildActionMask = 2147483647;
			files = (
				8288D132185D7C0200EDD6B8 /* InfoPlist.strings in Resources */,
			);
			runOnlyForDeploymentPostprocessing = 0;
		};
/* End PBXResourcesBuildPhase section */

/* Begin PBXSourcesBuildPhase section */
		8288D0FA185D7C0200EDD6B8 /* Sources */ = {
			isa = PBXSourcesBuildPhase;
			buildActionMask = 2147483647;
			files = (
				8288D11D185D7C0200EDD6B8 /* MyScene.m in Sources */,
				8288D11A185D7C0200EDD6B8 /* ViewController.m in Sources */,
				8288D114185D7C0200EDD6B8 /* AppDelegate.m in Sources */,
				8288D110185D7C0200EDD6B8 /* main.m in Sources */,
			);
			runOnlyForDeploymentPostprocessing = 0;
		};
		8288D122185D7C0200EDD6B8 /* Sources */ = {
			isa = PBXSourcesBuildPhase;
			buildActionMask = 2147483647;
			files = (
				8288D134185D7C0200EDD6B8 /* MCStepper2Tests.m in Sources */,
			);
			runOnlyForDeploymentPostprocessing = 0;
		};
/* End PBXSourcesBuildPhase section */

/* Begin PBXTargetDependency section */
		8288D12C185D7C0200EDD6B8 /* PBXTargetDependency */ = {
			isa = PBXTargetDependency;
			target = 8288D0FD185D7C0200EDD6B8 /* MCStepper2 */;
			targetProxy = 8288D12B185D7C0200EDD6B8 /* PBXContainerItemProxy */;
		};
/* End PBXTargetDependency section */

/* Begin PBXVariantGroup section */
		8288D10C185D7C0200EDD6B8 /* InfoPlist.strings */ = {
			isa = PBXVariantGroup;
			children = (
				8288D10D185D7C0200EDD6B8 /* en */,
			);
			name = InfoPlist.strings;
			sourceTree = "<group>";
		};
		8288D115185D7C0200EDD6B8 /* Main.storyboard */ = {
			isa = PBXVariantGroup;
			children = (
				8288D116185D7C0200EDD6B8 /* Base */,
			);
			name = Main.storyboard;
			sourceTree = "<group>";
		};
		8288D130185D7C0200EDD6B8 /* InfoPlist.strings */ = {
			isa = PBXVariantGroup;
			children = (
				8288D131185D7C0200EDD6B8 /* en */,
			);
			name = InfoPlist.strings;
			sourceTree = "<group>";
		};
/* End PBXVariantGroup section */

/* Begin XCBuildConfiguration section */
		8288D135185D7C0200EDD6B8 /* Debug */ = {
			isa = XCBuildConfiguration;
			buildSettings = {
				ALWAYS_SEARCH_USER_PATHS = NO;
				ARCHS = "$(ARCHS_STANDARD_INCLUDING_64_BIT)";
				CLANG_CXX_LANGUAGE_STANDARD = "gnu++0x";
				CLANG_CXX_LIBRARY = "libc++";
				CLANG_ENABLE_MODULES = YES;
				CLANG_ENABLE_OBJC_ARC = YES;
				CLANG_WARN_BOOL_CONVERSION = YES;
				CLANG_WARN_CONSTANT_CONVERSION = YES;
				CLANG_WARN_DIRECT_OBJC_ISA_USAGE = YES_ERROR;
				CLANG_WARN_EMPTY_BODY = YES;
				CLANG_WARN_ENUM_CONVERSION = YES;
				CLANG_WARN_INT_CONVERSION = YES;
				CLANG_WARN_OBJC_ROOT_CLASS = YES_ERROR;
				CLANG_WARN__DUPLICATE_METHOD_MATCH = YES;
				"CODE_SIGN_IDENTITY[sdk=iphoneos*]" = "iPhone Developer";
				COPY_PHASE_STRIP = NO;
				GCC_C_LANGUAGE_STANDARD = gnu99;
				GCC_DYNAMIC_NO_PIC = NO;
				GCC_OPTIMIZATION_LEVEL = 0;
				GCC_PREPROCESSOR_DEFINITIONS = (
					"DEBUG=1",
					"$(inherited)",
				);
				GCC_SYMBOLS_PRIVATE_EXTERN = NO;
				GCC_WARN_64_TO_32_BIT_CONVERSION = YES;
				GCC_WARN_ABOUT_RETURN_TYPE = YES_ERROR;
				GCC_WARN_UNDECLARED_SELECTOR = YES;
				GCC_WARN_UNINITIALIZED_AUTOS = YES;
				GCC_WARN_UNUSED_FUNCTION = YES;
				GCC_WARN_UNUSED_VARIABLE = YES;
				IPHONEOS_DEPLOYMENT_TARGET = 7.0;
				ONLY_ACTIVE_ARCH = YES;
				SDKROOT = iphoneos;
			};
			name = Debug;
		};
		8288D136185D7C0200EDD6B8 /* Release */ = {
			isa = XCBuildConfiguration;
			buildSettings = {
				ALWAYS_SEARCH_USER_PATHS = NO;
				ARCHS = "$(ARCHS_STANDARD_INCLUDING_64_BIT)";
				CLANG_CXX_LANGUAGE_STANDARD = "gnu++0x";
				CLANG_CXX_LIBRARY = "libc++";
				CLANG_ENABLE_MODULES = YES;
				CLANG_ENABLE_OBJC_ARC = YES;
				CLANG_WARN_BOOL_CONVERSION = YES;
				CLANG_WARN_CONSTANT_CONVERSION = YES;
				CLANG_WARN_DIRECT_OBJC_ISA_USAGE = YES_ERROR;
				CLANG_WARN_EMPTY_BODY = YES;
				CLANG_WARN_ENUM_CONVERSION = YES;
				CLANG_WARN_INT_CONVERSION = YES;
				CLANG_WARN_OBJC_ROOT_CLASS = YES_ERROR;
				CLANG_WARN__DUPLICATE_METHOD_MATCH = YES;
				"CODE_SIGN_IDENTITY[sdk=iphoneos*]" = "iPhone Developer";
				COPY_PHASE_STRIP = YES;
				ENABLE_NS_ASSERTIONS = NO;
				GCC_C_LANGUAGE_STANDARD = gnu99;
				GCC_WARN_64_TO_32_BIT_CONVERSION = YES;
				GCC_WARN_ABOUT_RETURN_TYPE = YES_ERROR;
				GCC_WARN_UNDECLARED_SELECTOR = YES;
				GCC_WARN_UNINITIALIZED_AUTOS = YES;
				GCC_WARN_UNUSED_FUNCTION = YES;
				GCC_WARN_UNUSED_VARIABLE = YES;
				IPHONEOS_DEPLOYMENT_TARGET = 7.0;
				SDKROOT = iphoneos;
				VALIDATE_PRODUCT = YES;
			};
			name = Release;
		};
		8288D138185D7C0200EDD6B8 /* Debug */ = {
			isa = XCBuildConfiguration;
			buildSettings = {
				ASSETCATALOG_COMPILER_APPICON_NAME = AppIcon;
				ASSETCATALOG_COMPILER_LAUNCHIMAGE_NAME = LaunchImage;
				GCC_PRECOMPILE_PREFIX_HEADER = YES;
				GCC_PREFIX_HEADER = "MCStepper2/MCStepper2-Prefix.pch";
				INFOPLIST_FILE = "MCStepper2/MCStepper2-Info.plist";
				PRODUCT_NAME = "$(TARGET_NAME)";
				SPRITEKIT_TEXTURE_ATLAS_OUTPUT = YES;
				WRAPPER_EXTENSION = app;
			};
			name = Debug;
		};
		8288D139185D7C0200EDD6B8 /* Release */ = {
			isa = XCBuildConfiguration;
			buildSettings = {
				ASSETCATALOG_COMPILER_APPICON_NAME = AppIcon;
				ASSETCATALOG_COMPILER_LAUNCHIMAGE_NAME = LaunchImage;
				GCC_PRECOMPILE_PREFIX_HEADER = YES;
				GCC_PREFIX_HEADER = "MCStepper2/MCStepper2-Prefix.pch";
				INFOPLIST_FILE = "MCStepper2/MCStepper2-Info.plist";
				PRODUCT_NAME = "$(TARGET_NAME)";
				SPRITEKIT_TEXTURE_ATLAS_OUTPUT = YES;
				WRAPPER_EXTENSION = app;
			};
			name = Release;
		};
		8288D13B185D7C0200EDD6B8 /* Debug */ = {
			isa = XCBuildConfiguration;
			buildSettings = {
				ARCHS = "$(ARCHS_STANDARD_INCLUDING_64_BIT)";
				BUNDLE_LOADER = "$(BUILT_PRODUCTS_DIR)/MCStepper2.app/MCStepper2";
				FRAMEWORK_SEARCH_PATHS = (
					"$(SDKROOT)/Developer/Library/Frameworks",
					"$(inherited)",
					"$(DEVELOPER_FRAMEWORKS_DIR)",
				);
				GCC_PRECOMPILE_PREFIX_HEADER = YES;
				GCC_PREFIX_HEADER = "MCStepper2/MCStepper2-Prefix.pch";
				GCC_PREPROCESSOR_DEFINITIONS = (
					"DEBUG=1",
					"$(inherited)",
				);
				INFOPLIST_FILE = "MCStepper2Tests/MCStepper2Tests-Info.plist";
				PRODUCT_NAME = "$(TARGET_NAME)";
				TEST_HOST = "$(BUNDLE_LOADER)";
				WRAPPER_EXTENSION = xctest;
			};
			name = Debug;
		};
		8288D13C185D7C0200EDD6B8 /* Release */ = {
			isa = XCBuildConfiguration;
			buildSettings = {
				ARCHS = "$(ARCHS_STANDARD_INCLUDING_64_BIT)";
				BUNDLE_LOADER = "$(BUILT_PRODUCTS_DIR)/MCStepper2.app/MCStepper2";
				FRAMEWORK_SEARCH_PATHS = (
					"$(SDKROOT)/Developer/Library/Frameworks",
					"$(inherited)",
					"$(DEVELOPER_FRAMEWORKS_DIR)",
				);
				GCC_PRECOMPILE_PREFIX_HEADER = YES;
				GCC_PREFIX_HEADER = "MCStepper2/MCStepper2-Prefix.pch";
				INFOPLIST_FILE = "MCStepper2Tests/MCStepper2Tests-Info.plist";
				PRODUCT_NAME = "$(TARGET_NAME)";
				TEST_HOST = "$(BUNDLE_LOADER)";
				WRAPPER_EXTENSION = xctest;
			};
			name = Release;
		};
/* End XCBuildConfiguration section */

/* Begin XCConfigurationList section */
		8288D0F9185D7C0200EDD6B8 /* Build configuration list for PBXProject "MCStepper2" */ = {
			isa = XCConfigurationList;
			buildConfigurations = (
				8288D135185D7C0200EDD6B8 /* Debug */,
				8288D136185D7C0200EDD6B8 /* Release */,
			);
			defaultConfigurationIsVisible = 0;
			defaultConfigurationName = Release;
		};
		8288D137185D7C0200EDD6B8 /* Build configuration list for PBXNativeTarget "MCStepper2" */ = {
			isa = XCConfigurationList;
			buildConfigurations = (
				8288D138185D7C0200EDD6B8 /* Debug */,
				8288D139185D7C0200EDD6B8 /* Release */,
			);
			defaultConfigurationIsVisible = 0;
		};
		8288D13A185D7C0200EDD6B8 /* Build configuration list for PBXNativeTarget "MCStepper2Tests" */ = {
			isa = XCConfigurationList;
			buildConfigurations = (
				8288D13B185D7C0200EDD6B8 /* Debug */,
				8288D13C185D7C0200EDD6B8 /* Release */,
			);
			defaultConfigurationIsVisible = 0;
		};
/* End XCConfigurationList section */
	};
	rootObject = 8288D0F6185D7C0200EDD6B8 /* Project object */;
}
