// !$*UTF8*$!
{
	archiveVersion = 1;
	classes = {
	};
	objectVersion = 46;
	objects = {

/* Begin PBXBuildFile section */
		091F620F1846CA9C006B6424 /* Foundation.framework in Frameworks */ = {isa = PBXBuildFile; fileRef = 091F620E1846CA9C006B6424 /* Foundation.framework */; };
		091F62111846CA9C006B6424 /* CoreGraphics.framework in Frameworks */ = {isa = PBXBuildFile; fileRef = 091F62101846CA9C006B6424 /* CoreGraphics.framework */; };
		091F62131846CA9C006B6424 /* UIKit.framework in Frameworks */ = {isa = PBXBuildFile; fileRef = 091F62121846CA9C006B6424 /* UIKit.framework */; };
		091F62191846CA9D006B6424 /* InfoPlist.strings in Resources */ = {isa = PBXBuildFile; fileRef = 091F62171846CA9D006B6424 /* InfoPlist.strings */; };
		091F621B1846CA9D006B6424 /* main.m in Sources */ = {isa = PBXBuildFile; fileRef = 091F621A1846CA9D006B6424 /* main.m */; };
		091F621F1846CA9D006B6424 /* AppDelegate.m in Sources */ = {isa = PBXBuildFile; fileRef = 091F621E1846CA9D006B6424 /* AppDelegate.m */; };
		091F62221846CA9D006B6424 /* Main.storyboard in Resources */ = {isa = PBXBuildFile; fileRef = 091F62201846CA9D006B6424 /* Main.storyboard */; };
		091F62251846CA9D006B6424 /* MasterViewController.m in Sources */ = {isa = PBXBuildFile; fileRef = 091F62241846CA9D006B6424 /* MasterViewController.m */; };
		091F622A1846CA9D006B6424 /* Images.xcassets in Resources */ = {isa = PBXBuildFile; fileRef = 091F62291846CA9D006B6424 /* Images.xcassets */; };
		091F62481846CBD4006B6424 /* GravityViewController.m in Sources */ = {isa = PBXBuildFile; fileRef = 091F62471846CBD4006B6424 /* GravityViewController.m */; };
		091F624B1846CFE9006B6424 /* GravityCollisionViewController.m in Sources */ = {isa = PBXBuildFile; fileRef = 091F624A1846CFE9006B6424 /* GravityCollisionViewController.m */; };
		091F624E1846D091006B6424 /* CollisionViewController.m in Sources */ = {isa = PBXBuildFile; fileRef = 091F624D1846D091006B6424 /* CollisionViewController.m */; };
		091F62511846D502006B6424 /* SnapViewController.m in Sources */ = {isa = PBXBuildFile; fileRef = 091F62501846D502006B6424 /* SnapViewController.m */; };
		091F62541846DB56006B6424 /* PushViewController.m in Sources */ = {isa = PBXBuildFile; fileRef = 091F62531846DB56006B6424 /* PushViewController.m */; };
		091F62571846DDBC006B6424 /* AttachmentViewController.m in Sources */ = {isa = PBXBuildFile; fileRef = 091F62561846DDBC006B6424 /* AttachmentViewController.m */; };
		091F625A1846E221006B6424 /* MagnetBehavior.m in Sources */ = {isa = PBXBuildFile; fileRef = 091F62591846E221006B6424 /* MagnetBehavior.m */; };
		091F625D1846E2F3006B6424 /* MagnetViewController.m in Sources */ = {isa = PBXBuildFile; fileRef = 091F625C1846E2F3006B6424 /* MagnetViewController.m */; };
/* End PBXBuildFile section */

/* Begin PBXFileReference section */
		091F620B1846CA9C006B6424 /* Dynamics.app */ = {isa = PBXFileReference; explicitFileType = wrapper.application; includeInIndex = 0; path = Dynamics.app; sourceTree = BUILT_PRODUCTS_DIR; };
		091F620E1846CA9C006B6424 /* Foundation.framework */ = {isa = PBXFileReference; lastKnownFileType = wrapper.framework; name = Foundation.framework; path = System/Library/Frameworks/Foundation.framework; sourceTree = SDKROOT; };
		091F62101846CA9C006B6424 /* CoreGraphics.framework */ = {isa = PBXFileReference; lastKnownFileType = wrapper.framework; name = CoreGraphics.framework; path = System/Library/Frameworks/CoreGraphics.framework; sourceTree = SDKROOT; };
		091F62121846CA9C006B6424 /* UIKit.framework */ = {isa = PBXFileReference; lastKnownFileType = wrapper.framework; name = UIKit.framework; path = System/Library/Frameworks/UIKit.framework; sourceTree = SDKROOT; };
		091F62161846CA9D006B6424 /* Dynamics-Info.plist */ = {isa = PBXFileReference; lastKnownFileType = text.plist.xml; path = "Dynamics-Info.plist"; sourceTree = "<group>"; };
		091F62181846CA9D006B6424 /* en */ = {isa = PBXFileReference; lastKnownFileType = text.plist.strings; name = en; path = en.lproj/InfoPlist.strings; sourceTree = "<group>"; };
		091F621A1846CA9D006B6424 /* main.m */ = {isa = PBXFileReference; lastKnownFileType = sourcecode.c.objc; path = main.m; sourceTree = "<group>"; };
		091F621C1846CA9D006B6424 /* Dynamics-Prefix.pch */ = {isa = PBXFileReference; lastKnownFileType = sourcecode.c.h; path = "Dynamics-Prefix.pch"; sourceTree = "<group>"; };
		091F621D1846CA9D006B6424 /* AppDelegate.h */ = {isa = PBXFileReference; lastKnownFileType = sourcecode.c.h; path = AppDelegate.h; sourceTree = "<group>"; };
		091F621E1846CA9D006B6424 /* AppDelegate.m */ = {isa = PBXFileReference; lastKnownFileType = sourcecode.c.objc; path = AppDelegate.m; sourceTree = "<group>"; };
		091F62211846CA9D006B6424 /* Base */ = {isa = PBXFileReference; lastKnownFileType = file.storyboard; name = Base; path = Base.lproj/Main.storyboard; sourceTree = "<group>"; };
		091F62231846CA9D006B6424 /* MasterViewController.h */ = {isa = PBXFileReference; lastKnownFileType = sourcecode.c.h; path = MasterViewController.h; sourceTree = "<group>"; };
		091F62241846CA9D006B6424 /* MasterViewController.m */ = {isa = PBXFileReference; lastKnownFileType = sourcecode.c.objc; path = MasterViewController.m; sourceTree = "<group>"; };
		091F62291846CA9D006B6424 /* Images.xcassets */ = {isa = PBXFileReference; lastKnownFileType = folder.assetcatalog; path = Images.xcassets; sourceTree = "<group>"; };
		091F62301846CA9D006B6424 /* XCTest.framework */ = {isa = PBXFileReference; lastKnownFileType = wrapper.framework; name = XCTest.framework; path = Library/Frameworks/XCTest.framework; sourceTree = DEVELOPER_DIR; };
		091F62461846CBD4006B6424 /* GravityViewController.h */ = {isa = PBXFileReference; fileEncoding = 4; lastKnownFileType = sourcecode.c.h; path = GravityViewController.h; sourceTree = "<group>"; };
		091F62471846CBD4006B6424 /* GravityViewController.m */ = {isa = PBXFileReference; fileEncoding = 4; lastKnownFileType = sourcecode.c.objc; path = GravityViewController.m; sourceTree = "<group>"; };
		091F62491846CFE9006B6424 /* GravityCollisionViewController.h */ = {isa = PBXFileReference; fileEncoding = 4; lastKnownFileType = sourcecode.c.h; path = GravityCollisionViewController.h; sourceTree = "<group>"; };
		091F624A1846CFE9006B6424 /* GravityCollisionViewController.m */ = {isa = PBXFileReference; fileEncoding = 4; lastKnownFileType = sourcecode.c.objc; path = GravityCollisionViewController.m; sourceTree = "<group>"; };
		091F624C1846D091006B6424 /* CollisionViewController.h */ = {isa = PBXFileReference; fileEncoding = 4; lastKnownFileType = sourcecode.c.h; path = CollisionViewController.h; sourceTree = "<group>"; };
		091F624D1846D091006B6424 /* CollisionViewController.m */ = {isa = PBXFileReference; fileEncoding = 4; lastKnownFileType = sourcecode.c.objc; path = CollisionViewController.m; sourceTree = "<group>"; };
		091F624F1846D502006B6424 /* SnapViewController.h */ = {isa = PBXFileReference; fileEncoding = 4; lastKnownFileType = sourcecode.c.h; path = SnapViewController.h; sourceTree = "<group>"; };
		091F62501846D502006B6424 /* SnapViewController.m */ = {isa = PBXFileReference; fileEncoding = 4; lastKnownFileType = sourcecode.c.objc; path = SnapViewController.m; sourceTree = "<group>"; };
		091F62521846DB56006B6424 /* PushViewController.h */ = {isa = PBXFileReference; fileEncoding = 4; lastKnownFileType = sourcecode.c.h; path = PushViewController.h; sourceTree = "<group>"; };
		091F62531846DB56006B6424 /* PushViewController.m */ = {isa = PBXFileReference; fileEncoding = 4; lastKnownFileType = sourcecode.c.objc; path = PushViewController.m; sourceTree = "<group>"; };
		091F62551846DDBC006B6424 /* AttachmentViewController.h */ = {isa = PBXFileReference; fileEncoding = 4; lastKnownFileType = sourcecode.c.h; path = AttachmentViewController.h; sourceTree = "<group>"; };
		091F62561846DDBC006B6424 /* AttachmentViewController.m */ = {isa = PBXFileReference; fileEncoding = 4; lastKnownFileType = sourcecode.c.objc; path = AttachmentViewController.m; sourceTree = "<group>"; };
		091F62581846E221006B6424 /* MagnetBehavior.h */ = {isa = PBXFileReference; fileEncoding = 4; lastKnownFileType = sourcecode.c.h; path = MagnetBehavior.h; sourceTree = "<group>"; };
		091F62591846E221006B6424 /* MagnetBehavior.m */ = {isa = PBXFileReference; fileEncoding = 4; lastKnownFileType = sourcecode.c.objc; path = MagnetBehavior.m; sourceTree = "<group>"; };
		091F625B1846E2F3006B6424 /* MagnetViewController.h */ = {isa = PBXFileReference; fileEncoding = 4; lastKnownFileType = sourcecode.c.h; path = MagnetViewController.h; sourceTree = "<group>"; };
		091F625C1846E2F3006B6424 /* MagnetViewController.m */ = {isa = PBXFileReference; fileEncoding = 4; lastKnownFileType = sourcecode.c.objc; path = MagnetViewController.m; sourceTree = "<group>"; };
		09961861185E9CF6006D5D2B /* README.txt */ = {isa = PBXFileReference; lastKnownFileType = text; path = README.txt; sourceTree = "<group>"; };
/* End PBXFileReference section */

/* Begin PBXFrameworksBuildPhase section */
		091F62081846CA9C006B6424 /* Frameworks */ = {
			isa = PBXFrameworksBuildPhase;
			buildActionMask = 2147483647;
			files = (
				091F62111846CA9C006B6424 /* CoreGraphics.framework in Frameworks */,
				091F62131846CA9C006B6424 /* UIKit.framework in Frameworks */,
				091F620F1846CA9C006B6424 /* Foundation.framework in Frameworks */,
			);
			runOnlyForDeploymentPostprocessing = 0;
		};
/* End PBXFrameworksBuildPhase section */

/* Begin PBXGroup section */
		091F62021846CA9C006B6424 = {
			isa = PBXGroup;
			children = (
				09961861185E9CF6006D5D2B /* README.txt */,
				091F62141846CA9D006B6424 /* Dynamics */,
				091F620D1846CA9C006B6424 /* Frameworks */,
				091F620C1846CA9C006B6424 /* Products */,
			);
			sourceTree = "<group>";
		};
		091F620C1846CA9C006B6424 /* Products */ = {
			isa = PBXGroup;
			children = (
				091F620B1846CA9C006B6424 /* Dynamics.app */,
			);
			name = Products;
			sourceTree = "<group>";
		};
		091F620D1846CA9C006B6424 /* Frameworks */ = {
			isa = PBXGroup;
			children = (
				091F620E1846CA9C006B6424 /* Foundation.framework */,
				091F62101846CA9C006B6424 /* CoreGraphics.framework */,
				091F62121846CA9C006B6424 /* UIKit.framework */,
				091F62301846CA9D006B6424 /* XCTest.framework */,
			);
			name = Frameworks;
			sourceTree = "<group>";
		};
		091F62141846CA9D006B6424 /* Dynamics */ = {
			isa = PBXGroup;
			children = (
				091F621D1846CA9D006B6424 /* AppDelegate.h */,
				091F621E1846CA9D006B6424 /* AppDelegate.m */,
				091F62201846CA9D006B6424 /* Main.storyboard */,
				091F62231846CA9D006B6424 /* MasterViewController.h */,
				091F62241846CA9D006B6424 /* MasterViewController.m */,
				091F62461846CBD4006B6424 /* GravityViewController.h */,
				091F62471846CBD4006B6424 /* GravityViewController.m */,
				091F62491846CFE9006B6424 /* GravityCollisionViewController.h */,
				091F624A1846CFE9006B6424 /* GravityCollisionViewController.m */,
				091F624C1846D091006B6424 /* CollisionViewController.h */,
				091F624D1846D091006B6424 /* CollisionViewController.m */,
				091F624F1846D502006B6424 /* SnapViewController.h */,
				091F62501846D502006B6424 /* SnapViewController.m */,
				091F62521846DB56006B6424 /* PushViewController.h */,
				091F62531846DB56006B6424 /* PushViewController.m */,
				091F62551846DDBC006B6424 /* AttachmentViewController.h */,
				091F62561846DDBC006B6424 /* AttachmentViewController.m */,
				091F625B1846E2F3006B6424 /* MagnetViewController.h */,
				091F625C1846E2F3006B6424 /* MagnetViewController.m */,
				091F62581846E221006B6424 /* MagnetBehavior.h */,
				091F62591846E221006B6424 /* MagnetBehavior.m */,
				091F62291846CA9D006B6424 /* Images.xcassets */,
				091F62151846CA9D006B6424 /* Supporting Files */,
			);
			path = Dynamics;
			sourceTree = "<group>";
		};
		091F62151846CA9D006B6424 /* Supporting Files */ = {
			isa = PBXGroup;
			children = (
				091F62161846CA9D006B6424 /* Dynamics-Info.plist */,
				091F62171846CA9D006B6424 /* InfoPlist.strings */,
				091F621A1846CA9D006B6424 /* main.m */,
				091F621C1846CA9D006B6424 /* Dynamics-Prefix.pch */,
			);
			name = "Supporting Files";
			sourceTree = "<group>";
		};
/* End PBXGroup section */

/* Begin PBXNativeTarget section */
		091F620A1846CA9C006B6424 /* Dynamics */ = {
			isa = PBXNativeTarget;
			buildConfigurationList = 091F62401846CA9D006B6424 /* Build configuration list for PBXNativeTarget "Dynamics" */;
			buildPhases = (
				091F62071846CA9C006B6424 /* Sources */,
				091F62081846CA9C006B6424 /* Frameworks */,
				091F62091846CA9C006B6424 /* Resources */,
			);
			buildRules = (
			);
			dependencies = (
			);
			name = Dynamics;
			productName = Dynamics;
			productReference = 091F620B1846CA9C006B6424 /* Dynamics.app */;
			productType = "com.apple.product-type.application";
		};
/* End PBXNativeTarget section */

/* Begin PBXProject section */
		091F62031846CA9C006B6424 /* Project object */ = {
			isa = PBXProject;
			attributes = {
				LastUpgradeCheck = 0500;
				ORGANIZATIONNAME = "Natsuko Nishikata";
			};
			buildConfigurationList = 091F62061846CA9C006B6424 /* Build configuration list for PBXProject "Dynamics" */;
			compatibilityVersion = "Xcode 3.2";
			developmentRegion = English;
			hasScannedForEncodings = 0;
			knownRegions = (
				en,
				Base,
			);
			mainGroup = 091F62021846CA9C006B6424;
			productRefGroup = 091F620C1846CA9C006B6424 /* Products */;
			projectDirPath = "";
			projectRoot = "";
			targets = (
				091F620A1846CA9C006B6424 /* Dynamics */,
			);
		};
/* End PBXProject section */

/* Begin PBXResourcesBuildPhase section */
		091F62091846CA9C006B6424 /* Resources */ = {
			isa = PBXResourcesBuildPhase;
			buildActionMask = 2147483647;
			files = (
				091F622A1846CA9D006B6424 /* Images.xcassets in Resources */,
				091F62191846CA9D006B6424 /* InfoPlist.strings in Resources */,
				091F62221846CA9D006B6424 /* Main.storyboard in Resources */,
			);
			runOnlyForDeploymentPostprocessing = 0;
		};
/* End PBXResourcesBuildPhase section */

/* Begin PBXSourcesBuildPhase section */
		091F62071846CA9C006B6424 /* Sources */ = {
			isa = PBXSourcesBuildPhase;
			buildActionMask = 2147483647;
			files = (
				091F62511846D502006B6424 /* SnapViewController.m in Sources */,
				091F624B1846CFE9006B6424 /* GravityCollisionViewController.m in Sources */,
				091F62541846DB56006B6424 /* PushViewController.m in Sources */,
				091F621F1846CA9D006B6424 /* AppDelegate.m in Sources */,
				091F62251846CA9D006B6424 /* MasterViewController.m in Sources */,
				091F621B1846CA9D006B6424 /* main.m in Sources */,
				091F625A1846E221006B6424 /* MagnetBehavior.m in Sources */,
				091F625D1846E2F3006B6424 /* MagnetViewController.m in Sources */,
				091F624E1846D091006B6424 /* CollisionViewController.m in Sources */,
				091F62481846CBD4006B6424 /* GravityViewController.m in Sources */,
				091F62571846DDBC006B6424 /* AttachmentViewController.m in Sources */,
			);
			runOnlyForDeploymentPostprocessing = 0;
		};
/* End PBXSourcesBuildPhase section */

/* Begin PBXVariantGroup section */
		091F62171846CA9D006B6424 /* InfoPlist.strings */ = {
			isa = PBXVariantGroup;
			children = (
				091F62181846CA9D006B6424 /* en */,
			);
			name = InfoPlist.strings;
			sourceTree = "<group>";
		};
		091F62201846CA9D006B6424 /* Main.storyboard */ = {
			isa = PBXVariantGroup;
			children = (
				091F62211846CA9D006B6424 /* Base */,
			);
			name = Main.storyboard;
			sourceTree = "<group>";
		};
/* End PBXVariantGroup section */

/* Begin XCBuildConfiguration section */
		091F623E1846CA9D006B6424 /* Debug */ = {
			isa = XCBuildConfiguration;
			buildSettings = {
				ALWAYS_SEARCH_USER_PATHS = NO;
				ARCHS = "$(ARCHS_STANDARD_INCLUDING_64_BIT)";
				CLANG_CXX_LANGUAGE_STANDARD = "gnu++0x";
				CLANG_CXX_LIBRARY = "libc++";
				CLANG_ENABLE_MODULES = YES;
				CLANG_ENABLE_OBJC_ARC = YES;
				CLANG_WARN_BOOL_CONVERSION = YES;
				CLANG_WARN_CONSTANT_CONVERSION = YES;
				CLANG_WARN_DIRECT_OBJC_ISA_USAGE = YES_ERROR;
				CLANG_WARN_EMPTY_BODY = YES;
				CLANG_WARN_ENUM_CONVERSION = YES;
				CLANG_WARN_INT_CONVERSION = YES;
				CLANG_WARN_OBJC_ROOT_CLASS = YES_ERROR;
				CLANG_WARN__DUPLICATE_METHOD_MATCH = YES;
				"CODE_SIGN_IDENTITY[sdk=iphoneos*]" = "iPhone Developer";
				COPY_PHASE_STRIP = NO;
				GCC_C_LANGUAGE_STANDARD = gnu99;
				GCC_DYNAMIC_NO_PIC = NO;
				GCC_OPTIMIZATION_LEVEL = 0;
				GCC_PREPROCESSOR_DEFINITIONS = (
					"DEBUG=1",
					"$(inherited)",
				);
				GCC_SYMBOLS_PRIVATE_EXTERN = NO;
				GCC_WARN_64_TO_32_BIT_CONVERSION = YES;
				GCC_WARN_ABOUT_RETURN_TYPE = YES_ERROR;
				GCC_WARN_UNDECLARED_SELECTOR = YES;
				GCC_WARN_UNINITIALIZED_AUTOS = YES;
				GCC_WARN_UNUSED_FUNCTION = YES;
				GCC_WARN_UNUSED_VARIABLE = YES;
				IPHONEOS_DEPLOYMENT_TARGET = 7.0;
				ONLY_ACTIVE_ARCH = YES;
				SDKROOT = iphoneos;
			};
			name = Debug;
		};
		091F623F1846CA9D006B6424 /* Release */ = {
			isa = XCBuildConfiguration;
			buildSettings = {
				ALWAYS_SEARCH_USER_PATHS = NO;
				ARCHS = "$(ARCHS_STANDARD_INCLUDING_64_BIT)";
				CLANG_CXX_LANGUAGE_STANDARD = "gnu++0x";
				CLANG_CXX_LIBRARY = "libc++";
				CLANG_ENABLE_MODULES = YES;
				CLANG_ENABLE_OBJC_ARC = YES;
				CLANG_WARN_BOOL_CONVERSION = YES;
				CLANG_WARN_CONSTANT_CONVERSION = YES;
				CLANG_WARN_DIRECT_OBJC_ISA_USAGE = YES_ERROR;
				CLANG_WARN_EMPTY_BODY = YES;
				CLANG_WARN_ENUM_CONVERSION = YES;
				CLANG_WARN_INT_CONVERSION = YES;
				CLANG_WARN_OBJC_ROOT_CLASS = YES_ERROR;
				CLANG_WARN__DUPLICATE_METHOD_MATCH = YES;
				"CODE_SIGN_IDENTITY[sdk=iphoneos*]" = "iPhone Developer";
				COPY_PHASE_STRIP = YES;
				ENABLE_NS_ASSERTIONS = NO;
				GCC_C_LANGUAGE_STANDARD = gnu99;
				GCC_WARN_64_TO_32_BIT_CONVERSION = YES;
				GCC_WARN_ABOUT_RETURN_TYPE = YES_ERROR;
				GCC_WARN_UNDECLARED_SELECTOR = YES;
				GCC_WARN_UNINITIALIZED_AUTOS = YES;
				GCC_WARN_UNUSED_FUNCTION = YES;
				GCC_WARN_UNUSED_VARIABLE = YES;
				IPHONEOS_DEPLOYMENT_TARGET = 7.0;
				SDKROOT = iphoneos;
				VALIDATE_PRODUCT = YES;
			};
			name = Release;
		};
		091F62411846CA9D006B6424 /* Debug */ = {
			isa = XCBuildConfiguration;
			buildSettings = {
				ASSETCATALOG_COMPILER_APPICON_NAME = AppIcon;
				ASSETCATALOG_COMPILER_LAUNCHIMAGE_NAME = LaunchImage;
				GCC_PRECOMPILE_PREFIX_HEADER = YES;
				GCC_PREFIX_HEADER = "Dynamics/Dynamics-Prefix.pch";
				INFOPLIST_FILE = "Dynamics/Dynamics-Info.plist";
				PRODUCT_NAME = "$(TARGET_NAME)";
				WRAPPER_EXTENSION = app;
			};
			name = Debug;
		};
		091F62421846CA9D006B6424 /* Release */ = {
			isa = XCBuildConfiguration;
			buildSettings = {
				ASSETCATALOG_COMPILER_APPICON_NAME = AppIcon;
				ASSETCATALOG_COMPILER_LAUNCHIMAGE_NAME = LaunchImage;
				GCC_PRECOMPILE_PREFIX_HEADER = YES;
				GCC_PREFIX_HEADER = "Dynamics/Dynamics-Prefix.pch";
				INFOPLIST_FILE = "Dynamics/Dynamics-Info.plist";
				PRODUCT_NAME = "$(TARGET_NAME)";
				WRAPPER_EXTENSION = app;
			};
			name = Release;
		};
/* End XCBuildConfiguration section */

/* Begin XCConfigurationList section */
		091F62061846CA9C006B6424 /* Build configuration list for PBXProject "Dynamics" */ = {
			isa = XCConfigurationList;
			buildConfigurations = (
				091F623E1846CA9D006B6424 /* Debug */,
				091F623F1846CA9D006B6424 /* Release */,
			);
			defaultConfigurationIsVisible = 0;
			defaultConfigurationName = Release;
		};
		091F62401846CA9D006B6424 /* Build configuration list for PBXNativeTarget "Dynamics" */ = {
			isa = XCConfigurationList;
			buildConfigurations = (
				091F62411846CA9D006B6424 /* Debug */,
				091F62421846CA9D006B6424 /* Release */,
			);
			defaultConfigurationIsVisible = 0;
			defaultConfigurationName = Release;
		};
/* End XCConfigurationList section */
	};
	rootObject = 091F62031846CA9C006B6424 /* Project object */;
}
